{
  "name": "consuming-thirdparty",
  "lockfileVersion": 3,
  "requires": true,
  "packages": {
    "": {
      "dependencies": {
        "zuxxy-calc": "^1.0.1"
      }
    },
    "node_modules/zuxxy-calc": {
      "version": "1.0.1",
      "resolved": "https://registry.npmjs.org/zuxxy-calc/-/zuxxy-calc-1.0.1.tgz",
      "integrity": "sha512-E/K9e9jayYE2K80jV02hxTdHAwN/N+Qu8dIrMx6HhNsXd7OPEz+LAQCpMH3V6EguOMNPR6+raUtRREwIrfegdw=="
    }
  }
}
